
Microsoft Visual Studio Solution File, Format Version 12.00
# Visual Studio Version 17
VisualStudioVersion = 17.8.34330.188
MinimumVisualStudioVersion = 10.0.40219.1
Project("{9A19103F-16F7-4668-BE54-9A1E7A4F7556}") = "Checkers", "Checkers\Checkers.csproj", "{26286D80-5F43-4DDE-81E8-AB118F02AEC6}"
EndProject
Project("{FAE04EC0-301F-11D3-BF4B-00C04F79EFBC}") = "Checkers.Application", "Checkers.Application\Checkers.Application.csproj", "{2D302ED2-159C-4D91-B364-F0855789541A}"
EndProject
Project("{FAE04EC0-301F-11D3-BF4B-00C04F79EFBC}") = "Checkers.Domain", "Checkers.Domain\Checkers.Domain.csproj", "{BEEC3D88-A9DF-40C6-A0DF-F9A2063755DB}"
EndProject
Project("{FAE04EC0-301F-11D3-BF4B-00C04F79EFBC}") = "Checkers.Infrastructure", "Checkers.Infrastructure\Checkers.Infrastructure.csproj", "{9D2BBCFA-D1E9-45C8-B5A5-6C8FE3D64365}"
EndProject
Global
	GlobalSection(SolutionConfigurationPlatforms) = preSolution
		Debug|Any CPU = Debug|Any CPU
		Release|Any CPU = Release|Any CPU
	EndGlobalSection
	GlobalSection(ProjectConfigurationPlatforms) = postSolution
		{26286D80-5F43-4DDE-81E8-AB118F02AEC6}.Debug|Any CPU.ActiveCfg = Debug|Any CPU
		{26286D80-5F43-4DDE-81E8-AB118F02AEC6}.Debug|Any CPU.Build.0 = Debug|Any CPU
		{26286D80-5F43-4DDE-81E8-AB118F02AEC6}.Release|Any CPU.ActiveCfg = Release|Any CPU
		{26286D80-5F43-4DDE-81E8-AB118F02AEC6}.Release|Any CPU.Build.0 = Release|Any CPU
		{2D302ED2-159C-4D91-B364-F0855789541A}.Debug|Any CPU.ActiveCfg = Debug|Any CPU
		{2D302ED2-159C-4D91-B364-F0855789541A}.Debug|Any CPU.Build.0 = Debug|Any CPU
		{2D302ED2-159C-4D91-B364-F0855789541A}.Release|Any CPU.ActiveCfg = Release|Any CPU
		{2D302ED2-159C-4D91-B364-F0855789541A}.Release|Any CPU.Build.0 = Release|Any CPU
		{BEEC3D88-A9DF-40C6-A0DF-F9A2063755DB}.Debug|Any CPU.ActiveCfg = Debug|Any CPU
		{BEEC3D88-A9DF-40C6-A0DF-F9A2063755DB}.Debug|Any CPU.Build.0 = Debug|Any CPU
		{BEEC3D88-A9DF-40C6-A0DF-F9A2063755DB}.Release|Any CPU.ActiveCfg = Release|Any CPU
		{BEEC3D88-A9DF-40C6-A0DF-F9A2063755DB}.Release|Any CPU.Build.0 = Release|Any CPU
		{9D2BBCFA-D1E9-45C8-B5A5-6C8FE3D64365}.Debug|Any CPU.ActiveCfg = Debug|Any CPU
		{9D2BBCFA-D1E9-45C8-B5A5-6C8FE3D64365}.Debug|Any CPU.Build.0 = Debug|Any CPU
		{9D2BBCFA-D1E9-45C8-B5A5-6C8FE3D64365}.Release|Any CPU.ActiveCfg = Release|Any CPU
		{9D2BBCFA-D1E9-45C8-B5A5-6C8FE3D64365}.Release|Any CPU.Build.0 = Release|Any CPU
	EndGlobalSection
	GlobalSection(SolutionProperties) = preSolution
		HideSolutionNode = FALSE
	EndGlobalSection
	GlobalSection(ExtensibilityGlobals) = postSolution
		SolutionGuid = {335C774B-EB20-4CC9-B751-D09D0C20BB26}
	EndGlobalSection
EndGlobal
